lockfileVersion: 5.3

specifiers:
  react-helmet: ^6.1.0

dependencies:
  react-helmet: registry.nlark.com/react-helmet/6.1.0

packages:

  registry.nlark.com/js-tokens/4.0.0:
    resolution: {integrity: sha1-GSA/tZmR35jjoocFDUZHzerzJJk=, registry: https://registry.npm.taobao.org/, tarball: https://registry.nlark.com/js-tokens/download/js-tokens-4.0.0.tgz}
    name: js-tokens
    version: 4.0.0
    dev: false

  registry.nlark.com/object-assign/4.1.1:
    resolution: {integrity: sha1-IQmtx5ZYh8/AXLvUQsrIv7s2CGM=, registry: https://registry.npm.taobao.org/, tarball: https://registry.nlark.com/object-assign/download/object-assign-4.1.1.tgz}
    name: object-assign
    version: 4.1.1
    engines: {node: '>=0.10.0'}
    dev: false

  registry.nlark.com/prop-types/15.7.2:
    resolution: {integrity: sha1-UsQedbjIfnK52TYOAga5ncv/psU=, registry: https://registry.npm.taobao.org/, tarball: https://registry.nlark.com/prop-types/download/prop-types-15.7.2.tgz}
    name: prop-types
    version: 15.7.2
    dependencies:
      loose-envify: registry.npmmirror.com/loose-envify/1.4.0
      object-assign: registry.nlark.com/object-assign/4.1.1
      react-is: registry.npmmirror.com/react-is/16.13.1
    dev: false

  registry.nlark.com/react-helmet/6.1.0:
    resolution: {integrity: sha1-p1DVFlyxPPIT5EdHUCZS55RGhyY=, registry: https://registry.npm.taobao.org/, tarball: https://registry.nlark.com/react-helmet/download/react-helmet-6.1.0.tgz}
    name: react-helmet
    version: 6.1.0
    peerDependencies:
      react: '>=16.3.0'
    dependencies:
      object-assign: registry.nlark.com/object-assign/4.1.1
      prop-types: registry.nlark.com/prop-types/15.7.2
      react-fast-compare: registry.npmmirror.com/react-fast-compare/3.2.0
      react-side-effect: registry.nlark.com/react-side-effect/2.1.1
    dev: false

  registry.nlark.com/react-side-effect/2.1.1:
    resolution: {integrity: sha1-ZsVwHD51YKtIIqTuJ0Le4hXXLrM=, registry: https://registry.npm.taobao.org/, tarball: https://registry.nlark.com/react-side-effect/download/react-side-effect-2.1.1.tgz}
    name: react-side-effect
    version: 2.1.1
    peerDependencies:
      react: ^16.3.0 || ^17.0.0
    dev: false

  registry.npmmirror.com/loose-envify/1.4.0:
    resolution: {integrity: sha1-ce5R+nvkyuwaY4OffmgtgTLTDK8=, registry: https://registry.npm.taobao.org/, tarball: https://registry.npmmirror.com/loose-envify/download/loose-envify-1.4.0.tgz}
    name: loose-envify
    version: 1.4.0
    hasBin: true
    dependencies:
      js-tokens: registry.nlark.com/js-tokens/4.0.0
    dev: false

  registry.npmmirror.com/react-fast-compare/3.2.0:
    resolution: {integrity: sha1-ZBqdqBtqYyDycOiXJPtFoLOeQ7s=, registry: https://registry.npm.taobao.org/, tarball: https://registry.npmmirror.com/react-fast-compare/download/react-fast-compare-3.2.0.tgz}
    name: react-fast-compare
    version: 3.2.0
    dev: false

  registry.npmmirror.com/react-is/16.13.1:
    resolution: {integrity: sha1-eJcppNw23imZ3BVt1sHZwYzqVqQ=, registry: https://registry.npm.taobao.org/, tarball: https://registry.npmmirror.com/react-is/download/react-is-16.13.1.tgz}
    name: react-is
    version: 16.13.1
    dev: false
